
Microsoft Visual Studio Solution File, Format Version 12.00
# Visual Studio 15
VisualStudioVersion = 15.0.28307.902
MinimumVisualStudioVersion = 10.0.40219.1
Project("{FAE04EC0-301F-11D3-BF4B-00C04F79EFBC}") = "01_sum_array", "01_sum_array\01_sum_array.csproj", "{57DC107A-5054-45F0-976E-E2869FA38D44}"
EndProject
Project("{FAE04EC0-301F-11D3-BF4B-00C04F79EFBC}") = "02_factorial", "02_factorial\02_factorial.csproj", "{8FCA1676-BB7A-4C77-8525-991E8944F54E}"
EndProject
Project("{FAE04EC0-301F-11D3-BF4B-00C04F79EFBC}") = "03_recursive_drawing", "03_recursive_drawing\03_recursive_drawing.csproj", "{0F0869D1-29CE-4BAE-96CF-3D471749905E}"
EndProject
Project("{FAE04EC0-301F-11D3-BF4B-00C04F79EFBC}") = "04_generate_bits", "04_generate_bits\04_generate_bits.csproj", "{51B1A2F0-F585-42E7-84EA-97F25070CBB3}"
EndProject
Project("{FAE04EC0-301F-11D3-BF4B-00C04F79EFBC}") = "05_generate_combinations", "05_generate_combinations\05_generate_combinations.csproj", "{04D48393-1956-4D09-8337-CAF1195EA240}"
EndProject
Project("{FAE04EC0-301F-11D3-BF4B-00C04F79EFBC}") = "06_eight_queens(v1)", "07_eight_queens(v1)\06_eight_queens(v1).csproj", "{222D0F97-031F-4072-8C4C-395D3C0DA699}"
EndProject
Project("{FAE04EC0-301F-11D3-BF4B-00C04F79EFBC}") = "07_eight_queens(v2)", "07_eight_queens(v2)\07_eight_queens(v2).csproj", "{502BE711-C2EB-45E2-BA32-BD7DB6D2502D}"
EndProject
Global
	GlobalSection(SolutionConfigurationPlatforms) = preSolution
		Debug|Any CPU = Debug|Any CPU
		Release|Any CPU = Release|Any CPU
	EndGlobalSection
	GlobalSection(ProjectConfigurationPlatforms) = postSolution
		{57DC107A-5054-45F0-976E-E2869FA38D44}.Debug|Any CPU.ActiveCfg = Debug|Any CPU
		{57DC107A-5054-45F0-976E-E2869FA38D44}.Debug|Any CPU.Build.0 = Debug|Any CPU
		{57DC107A-5054-45F0-976E-E2869FA38D44}.Release|Any CPU.ActiveCfg = Release|Any CPU
		{57DC107A-5054-45F0-976E-E2869FA38D44}.Release|Any CPU.Build.0 = Release|Any CPU
		{8FCA1676-BB7A-4C77-8525-991E8944F54E}.Debug|Any CPU.ActiveCfg = Debug|Any CPU
		{8FCA1676-BB7A-4C77-8525-991E8944F54E}.Debug|Any CPU.Build.0 = Debug|Any CPU
		{8FCA1676-BB7A-4C77-8525-991E8944F54E}.Release|Any CPU.ActiveCfg = Release|Any CPU
		{8FCA1676-BB7A-4C77-8525-991E8944F54E}.Release|Any CPU.Build.0 = Release|Any CPU
		{0F0869D1-29CE-4BAE-96CF-3D471749905E}.Debug|Any CPU.ActiveCfg = Debug|Any CPU
		{0F0869D1-29CE-4BAE-96CF-3D471749905E}.Debug|Any CPU.Build.0 = Debug|Any CPU
		{0F0869D1-29CE-4BAE-96CF-3D471749905E}.Release|Any CPU.ActiveCfg = Release|Any CPU
		{0F0869D1-29CE-4BAE-96CF-3D471749905E}.Release|Any CPU.Build.0 = Release|Any CPU
		{51B1A2F0-F585-42E7-84EA-97F25070CBB3}.Debug|Any CPU.ActiveCfg = Debug|Any CPU
		{51B1A2F0-F585-42E7-84EA-97F25070CBB3}.Debug|Any CPU.Build.0 = Debug|Any CPU
		{51B1A2F0-F585-42E7-84EA-97F25070CBB3}.Release|Any CPU.ActiveCfg = Release|Any CPU
		{51B1A2F0-F585-42E7-84EA-97F25070CBB3}.Release|Any CPU.Build.0 = Release|Any CPU
		{04D48393-1956-4D09-8337-CAF1195EA240}.Debug|Any CPU.ActiveCfg = Debug|Any CPU
		{04D48393-1956-4D09-8337-CAF1195EA240}.Debug|Any CPU.Build.0 = Debug|Any CPU
		{04D48393-1956-4D09-8337-CAF1195EA240}.Release|Any CPU.ActiveCfg = Release|Any CPU
		{04D48393-1956-4D09-8337-CAF1195EA240}.Release|Any CPU.Build.0 = Release|Any CPU
		{222D0F97-031F-4072-8C4C-395D3C0DA699}.Debug|Any CPU.ActiveCfg = Debug|Any CPU
		{222D0F97-031F-4072-8C4C-395D3C0DA699}.Debug|Any CPU.Build.0 = Debug|Any CPU
		{222D0F97-031F-4072-8C4C-395D3C0DA699}.Release|Any CPU.ActiveCfg = Release|Any CPU
		{222D0F97-031F-4072-8C4C-395D3C0DA699}.Release|Any CPU.Build.0 = Release|Any CPU
		{502BE711-C2EB-45E2-BA32-BD7DB6D2502D}.Debug|Any CPU.ActiveCfg = Debug|Any CPU
		{502BE711-C2EB-45E2-BA32-BD7DB6D2502D}.Debug|Any CPU.Build.0 = Debug|Any CPU
		{502BE711-C2EB-45E2-BA32-BD7DB6D2502D}.Release|Any CPU.ActiveCfg = Release|Any CPU
		{502BE711-C2EB-45E2-BA32-BD7DB6D2502D}.Release|Any CPU.Build.0 = Release|Any CPU
	EndGlobalSection
	GlobalSection(SolutionProperties) = preSolution
		HideSolutionNode = FALSE
	EndGlobalSection
	GlobalSection(ExtensibilityGlobals) = postSolution
		SolutionGuid = {274F00FC-7A4B-48F4-92FC-A9B8CDC1B247}
	EndGlobalSection
EndGlobal
