
Microsoft Visual Studio Solution File, Format Version 12.00
# Visual Studio Version 16
VisualStudioVersion = 16.0.29519.181
MinimumVisualStudioVersion = 10.0.40219.1
Project("{FAE04EC0-301F-11D3-BF4B-00C04F79EFBC}") = "01_depth-first-search", "01_depth-first-search\01_depth-first-search.csproj", "{3B92A5FF-A46B-43E6-81A4-555D0297BC7F}"
EndProject
Project("{FAE04EC0-301F-11D3-BF4B-00C04F79EFBC}") = "02_breadth-first-search", "02_breadth-first-search\02_breadth-first-search.csproj", "{3D98B394-4F19-49B6-996F-70A58F318A36}"
EndProject
Project("{FAE04EC0-301F-11D3-BF4B-00C04F79EFBC}") = "03_finding_connected_components", "03_finding_connected_components\03_finding_connected_components.csproj", "{BA5E2CFD-A19D-4956-8C54-1E30FDFDC068}"
EndProject
Project("{FAE04EC0-301F-11D3-BF4B-00C04F79EFBC}") = "04_topological_sorting", "04_topological_sorting\04_topological_sorting.csproj", "{19285BAE-9EB3-47C6-B0EE-1C73D375F0F2}"
EndProject
Project("{FAE04EC0-301F-11D3-BF4B-00C04F79EFBC}") = "05_distance_between_vertices", "05_distance_between_vertices\05_distance_between_vertices.csproj", "{0F47AD94-6698-47CA-93E2-D9F479C36BAC}"
EndProject
Project("{FAE04EC0-301F-11D3-BF4B-00C04F79EFBC}") = "06_connected_areas_in_matrix", "06_connected_areas_in_matrix\06_connected_areas_in_matrix.csproj", "{FDA3F5A3-1407-4E62-861E-C3EEE121F6CE}"
EndProject
Project("{FAE04EC0-301F-11D3-BF4B-00C04F79EFBC}") = "07_cycles_in_graph", "07_cycles_in_graph\07_cycles_in_graph.csproj", "{46CB785E-1693-40A4-9044-D68DFE710302}"
EndProject
Project("{FAE04EC0-301F-11D3-BF4B-00C04F79EFBC}") = "08_salaries", "08_salaries\08_salaries.csproj", "{6AEE4E3F-6ABD-4A30-A914-1A44E94D17EE}"
EndProject
Project("{FAE04EC0-301F-11D3-BF4B-00C04F79EFBC}") = "09_Kruskal_algorithm(MST)", "09_Kruskal_algorithm(MST)\09_Kruskal_algorithm(MST).csproj", "{DAC3337D-DDC5-47AD-B513-C0CB89A0780C}"
EndProject
Project("{FAE04EC0-301F-11D3-BF4B-00C04F79EFBC}") = "10_Prim_algoritm(MST)", "10_Prim_algoritm(MST)\10_Prim_algoritm(MST).csproj", "{D12B8868-8E5D-4D43-8C27-05654143E1AA}"
EndProject
Project("{FAE04EC0-301F-11D3-BF4B-00C04F79EFBC}") = "11_Dijkstra_algorithm", "11_Dijkstra_algorithm\11_Dijkstra_algorithm.csproj", "{0F0F679E-0D0A-4B97-9223-DE6E5050F0FB}"
EndProject
Project("{FAE04EC0-301F-11D3-BF4B-00C04F79EFBC}") = "12_cable_network", "12_cable_network\12_cable_network.csproj", "{2A0BEE59-C4F9-4DC8-96B8-130468E89C74}"
EndProject
Project("{FAE04EC0-301F-11D3-BF4B-00C04F79EFBC}") = "13_modified_Kruskal_algorithm", "13_modified_Kruskal_algorithm\13_modified_Kruskal_algorithm.csproj", "{1870075F-B6D2-4877-929A-844B07FE9B99}"
EndProject
Project("{FAE04EC0-301F-11D3-BF4B-00C04F79EFBC}") = "14_most_reliable_path", "14_most_reliable_path\14_most_reliable_path.csproj", "{84C1BECF-B169-437C-8E37-0109283FBDE9}"
EndProject
Global
	GlobalSection(SolutionConfigurationPlatforms) = preSolution
		Debug|Any CPU = Debug|Any CPU
		Release|Any CPU = Release|Any CPU
	EndGlobalSection
	GlobalSection(ProjectConfigurationPlatforms) = postSolution
		{3B92A5FF-A46B-43E6-81A4-555D0297BC7F}.Debug|Any CPU.ActiveCfg = Debug|Any CPU
		{3B92A5FF-A46B-43E6-81A4-555D0297BC7F}.Debug|Any CPU.Build.0 = Debug|Any CPU
		{3B92A5FF-A46B-43E6-81A4-555D0297BC7F}.Release|Any CPU.ActiveCfg = Release|Any CPU
		{3B92A5FF-A46B-43E6-81A4-555D0297BC7F}.Release|Any CPU.Build.0 = Release|Any CPU
		{3D98B394-4F19-49B6-996F-70A58F318A36}.Debug|Any CPU.ActiveCfg = Debug|Any CPU
		{3D98B394-4F19-49B6-996F-70A58F318A36}.Debug|Any CPU.Build.0 = Debug|Any CPU
		{3D98B394-4F19-49B6-996F-70A58F318A36}.Release|Any CPU.ActiveCfg = Release|Any CPU
		{3D98B394-4F19-49B6-996F-70A58F318A36}.Release|Any CPU.Build.0 = Release|Any CPU
		{BA5E2CFD-A19D-4956-8C54-1E30FDFDC068}.Debug|Any CPU.ActiveCfg = Debug|Any CPU
		{BA5E2CFD-A19D-4956-8C54-1E30FDFDC068}.Debug|Any CPU.Build.0 = Debug|Any CPU
		{BA5E2CFD-A19D-4956-8C54-1E30FDFDC068}.Release|Any CPU.ActiveCfg = Release|Any CPU
		{BA5E2CFD-A19D-4956-8C54-1E30FDFDC068}.Release|Any CPU.Build.0 = Release|Any CPU
		{19285BAE-9EB3-47C6-B0EE-1C73D375F0F2}.Debug|Any CPU.ActiveCfg = Debug|Any CPU
		{19285BAE-9EB3-47C6-B0EE-1C73D375F0F2}.Debug|Any CPU.Build.0 = Debug|Any CPU
		{19285BAE-9EB3-47C6-B0EE-1C73D375F0F2}.Release|Any CPU.ActiveCfg = Release|Any CPU
		{19285BAE-9EB3-47C6-B0EE-1C73D375F0F2}.Release|Any CPU.Build.0 = Release|Any CPU
		{0F47AD94-6698-47CA-93E2-D9F479C36BAC}.Debug|Any CPU.ActiveCfg = Debug|Any CPU
		{0F47AD94-6698-47CA-93E2-D9F479C36BAC}.Debug|Any CPU.Build.0 = Debug|Any CPU
		{0F47AD94-6698-47CA-93E2-D9F479C36BAC}.Release|Any CPU.ActiveCfg = Release|Any CPU
		{0F47AD94-6698-47CA-93E2-D9F479C36BAC}.Release|Any CPU.Build.0 = Release|Any CPU
		{FDA3F5A3-1407-4E62-861E-C3EEE121F6CE}.Debug|Any CPU.ActiveCfg = Debug|Any CPU
		{FDA3F5A3-1407-4E62-861E-C3EEE121F6CE}.Debug|Any CPU.Build.0 = Debug|Any CPU
		{FDA3F5A3-1407-4E62-861E-C3EEE121F6CE}.Release|Any CPU.ActiveCfg = Release|Any CPU
		{FDA3F5A3-1407-4E62-861E-C3EEE121F6CE}.Release|Any CPU.Build.0 = Release|Any CPU
		{46CB785E-1693-40A4-9044-D68DFE710302}.Debug|Any CPU.ActiveCfg = Debug|Any CPU
		{46CB785E-1693-40A4-9044-D68DFE710302}.Debug|Any CPU.Build.0 = Debug|Any CPU
		{46CB785E-1693-40A4-9044-D68DFE710302}.Release|Any CPU.ActiveCfg = Release|Any CPU
		{46CB785E-1693-40A4-9044-D68DFE710302}.Release|Any CPU.Build.0 = Release|Any CPU
		{6AEE4E3F-6ABD-4A30-A914-1A44E94D17EE}.Debug|Any CPU.ActiveCfg = Debug|Any CPU
		{6AEE4E3F-6ABD-4A30-A914-1A44E94D17EE}.Debug|Any CPU.Build.0 = Debug|Any CPU
		{6AEE4E3F-6ABD-4A30-A914-1A44E94D17EE}.Release|Any CPU.ActiveCfg = Release|Any CPU
		{6AEE4E3F-6ABD-4A30-A914-1A44E94D17EE}.Release|Any CPU.Build.0 = Release|Any CPU
		{DAC3337D-DDC5-47AD-B513-C0CB89A0780C}.Debug|Any CPU.ActiveCfg = Debug|Any CPU
		{DAC3337D-DDC5-47AD-B513-C0CB89A0780C}.Debug|Any CPU.Build.0 = Debug|Any CPU
		{DAC3337D-DDC5-47AD-B513-C0CB89A0780C}.Release|Any CPU.ActiveCfg = Release|Any CPU
		{DAC3337D-DDC5-47AD-B513-C0CB89A0780C}.Release|Any CPU.Build.0 = Release|Any CPU
		{D12B8868-8E5D-4D43-8C27-05654143E1AA}.Debug|Any CPU.ActiveCfg = Debug|Any CPU
		{D12B8868-8E5D-4D43-8C27-05654143E1AA}.Debug|Any CPU.Build.0 = Debug|Any CPU
		{D12B8868-8E5D-4D43-8C27-05654143E1AA}.Release|Any CPU.ActiveCfg = Release|Any CPU
		{D12B8868-8E5D-4D43-8C27-05654143E1AA}.Release|Any CPU.Build.0 = Release|Any CPU
		{0F0F679E-0D0A-4B97-9223-DE6E5050F0FB}.Debug|Any CPU.ActiveCfg = Debug|Any CPU
		{0F0F679E-0D0A-4B97-9223-DE6E5050F0FB}.Debug|Any CPU.Build.0 = Debug|Any CPU
		{0F0F679E-0D0A-4B97-9223-DE6E5050F0FB}.Release|Any CPU.ActiveCfg = Release|Any CPU
		{0F0F679E-0D0A-4B97-9223-DE6E5050F0FB}.Release|Any CPU.Build.0 = Release|Any CPU
		{2A0BEE59-C4F9-4DC8-96B8-130468E89C74}.Debug|Any CPU.ActiveCfg = Debug|Any CPU
		{2A0BEE59-C4F9-4DC8-96B8-130468E89C74}.Debug|Any CPU.Build.0 = Debug|Any CPU
		{2A0BEE59-C4F9-4DC8-96B8-130468E89C74}.Release|Any CPU.ActiveCfg = Release|Any CPU
		{2A0BEE59-C4F9-4DC8-96B8-130468E89C74}.Release|Any CPU.Build.0 = Release|Any CPU
		{1870075F-B6D2-4877-929A-844B07FE9B99}.Debug|Any CPU.ActiveCfg = Debug|Any CPU
		{1870075F-B6D2-4877-929A-844B07FE9B99}.Debug|Any CPU.Build.0 = Debug|Any CPU
		{1870075F-B6D2-4877-929A-844B07FE9B99}.Release|Any CPU.ActiveCfg = Release|Any CPU
		{1870075F-B6D2-4877-929A-844B07FE9B99}.Release|Any CPU.Build.0 = Release|Any CPU
		{84C1BECF-B169-437C-8E37-0109283FBDE9}.Debug|Any CPU.ActiveCfg = Debug|Any CPU
		{84C1BECF-B169-437C-8E37-0109283FBDE9}.Debug|Any CPU.Build.0 = Debug|Any CPU
		{84C1BECF-B169-437C-8E37-0109283FBDE9}.Release|Any CPU.ActiveCfg = Release|Any CPU
		{84C1BECF-B169-437C-8E37-0109283FBDE9}.Release|Any CPU.Build.0 = Release|Any CPU
	EndGlobalSection
	GlobalSection(SolutionProperties) = preSolution
		HideSolutionNode = FALSE
	EndGlobalSection
	GlobalSection(ExtensibilityGlobals) = postSolution
		SolutionGuid = {188D549D-DB85-4B96-9999-5DE0A809FB61}
	EndGlobalSection
EndGlobal
