
Microsoft Visual Studio Solution File, Format Version 12.00
# Visual Studio Version 16
VisualStudioVersion = 16.0.29519.181
MinimumVisualStudioVersion = 10.0.40219.1
Project("{FAE04EC0-301F-11D3-BF4B-00C04F79EFBC}") = "01_selection_sort", "01_selection_sort\01_selection_sort.csproj", "{C864A004-1A56-4C7A-B815-E4E5923627E1}"
EndProject
Project("{FAE04EC0-301F-11D3-BF4B-00C04F79EFBC}") = "SortingHelperMethods", "SortingHelperMethods\SortingHelperMethods.csproj", "{D319EF01-B54C-4C99-A67A-C92E3960E00C}"
EndProject
Project("{FAE04EC0-301F-11D3-BF4B-00C04F79EFBC}") = "02_bubble_sort_iterative", "02_bubble_sort\02_bubble_sort_iterative.csproj", "{2879FE5D-246E-4478-8C68-D5BA5BD1D572}"
EndProject
Project("{FAE04EC0-301F-11D3-BF4B-00C04F79EFBC}") = "03_bubble_sort_recursive", "03_bubble_sort_recursive\03_bubble_sort_recursive.csproj", "{2771DA0F-F43D-4704-BFAC-BB803A753BFB}"
EndProject
Project("{FAE04EC0-301F-11D3-BF4B-00C04F79EFBC}") = "04_insertion_sort", "04_insertion_sort\04_insertion_sort.csproj", "{2CAD45EC-AA6D-4018-929C-440988227829}"
EndProject
Project("{FAE04EC0-301F-11D3-BF4B-00C04F79EFBC}") = "05_merge_sort", "05_merge_sort\05_merge_sort.csproj", "{7844F92B-9DE0-4274-AA10-AC4E9E14CEE8}"
EndProject
Global
	GlobalSection(SolutionConfigurationPlatforms) = preSolution
		Debug|Any CPU = Debug|Any CPU
		Release|Any CPU = Release|Any CPU
	EndGlobalSection
	GlobalSection(ProjectConfigurationPlatforms) = postSolution
		{C864A004-1A56-4C7A-B815-E4E5923627E1}.Debug|Any CPU.ActiveCfg = Debug|Any CPU
		{C864A004-1A56-4C7A-B815-E4E5923627E1}.Debug|Any CPU.Build.0 = Debug|Any CPU
		{C864A004-1A56-4C7A-B815-E4E5923627E1}.Release|Any CPU.ActiveCfg = Release|Any CPU
		{C864A004-1A56-4C7A-B815-E4E5923627E1}.Release|Any CPU.Build.0 = Release|Any CPU
		{D319EF01-B54C-4C99-A67A-C92E3960E00C}.Debug|Any CPU.ActiveCfg = Debug|Any CPU
		{D319EF01-B54C-4C99-A67A-C92E3960E00C}.Debug|Any CPU.Build.0 = Debug|Any CPU
		{D319EF01-B54C-4C99-A67A-C92E3960E00C}.Release|Any CPU.ActiveCfg = Release|Any CPU
		{D319EF01-B54C-4C99-A67A-C92E3960E00C}.Release|Any CPU.Build.0 = Release|Any CPU
		{2879FE5D-246E-4478-8C68-D5BA5BD1D572}.Debug|Any CPU.ActiveCfg = Debug|Any CPU
		{2879FE5D-246E-4478-8C68-D5BA5BD1D572}.Debug|Any CPU.Build.0 = Debug|Any CPU
		{2879FE5D-246E-4478-8C68-D5BA5BD1D572}.Release|Any CPU.ActiveCfg = Release|Any CPU
		{2879FE5D-246E-4478-8C68-D5BA5BD1D572}.Release|Any CPU.Build.0 = Release|Any CPU
		{2771DA0F-F43D-4704-BFAC-BB803A753BFB}.Debug|Any CPU.ActiveCfg = Debug|Any CPU
		{2771DA0F-F43D-4704-BFAC-BB803A753BFB}.Debug|Any CPU.Build.0 = Debug|Any CPU
		{2771DA0F-F43D-4704-BFAC-BB803A753BFB}.Release|Any CPU.ActiveCfg = Release|Any CPU
		{2771DA0F-F43D-4704-BFAC-BB803A753BFB}.Release|Any CPU.Build.0 = Release|Any CPU
		{2CAD45EC-AA6D-4018-929C-440988227829}.Debug|Any CPU.ActiveCfg = Debug|Any CPU
		{2CAD45EC-AA6D-4018-929C-440988227829}.Debug|Any CPU.Build.0 = Debug|Any CPU
		{2CAD45EC-AA6D-4018-929C-440988227829}.Release|Any CPU.ActiveCfg = Release|Any CPU
		{2CAD45EC-AA6D-4018-929C-440988227829}.Release|Any CPU.Build.0 = Release|Any CPU
		{7844F92B-9DE0-4274-AA10-AC4E9E14CEE8}.Debug|Any CPU.ActiveCfg = Debug|Any CPU
		{7844F92B-9DE0-4274-AA10-AC4E9E14CEE8}.Debug|Any CPU.Build.0 = Debug|Any CPU
		{7844F92B-9DE0-4274-AA10-AC4E9E14CEE8}.Release|Any CPU.ActiveCfg = Release|Any CPU
		{7844F92B-9DE0-4274-AA10-AC4E9E14CEE8}.Release|Any CPU.Build.0 = Release|Any CPU
	EndGlobalSection
	GlobalSection(SolutionProperties) = preSolution
		HideSolutionNode = FALSE
	EndGlobalSection
	GlobalSection(ExtensibilityGlobals) = postSolution
		SolutionGuid = {C7DC2287-98D4-4579-BF15-F46984414987}
	EndGlobalSection
EndGlobal
