
Microsoft Visual Studio Solution File, Format Version 12.00
# Visual Studio Version 16
VisualStudioVersion = 16.0.29519.181
MinimumVisualStudioVersion = 10.0.40219.1
Project("{FAE04EC0-301F-11D3-BF4B-00C04F79EFBC}") = "01_permutations_(backtracking)", "01_permutations\01_permutations_(backtracking).csproj", "{07A64841-D6E7-4F10-9D91-909338B00504}"
EndProject
Project("{FAE04EC0-301F-11D3-BF4B-00C04F79EFBC}") = "02_permutations_(swap_algorithm)", "02_permutations_(swap_algorithm)\02_permutations_(swap_algorithm).csproj", "{9C175E6C-EAE9-48D0-88A4-AFBCDDCF3DDD}"
EndProject
Project("{FAE04EC0-301F-11D3-BF4B-00C04F79EFBC}") = "HelperMethods", "HelperMethods\HelperMethods.csproj", "{0EC3F1F1-8786-4B8C-B47C-5DC5F0E89032}"
EndProject
Project("{FAE04EC0-301F-11D3-BF4B-00C04F79EFBC}") = "03_permutations_with_repetitions", "03_permutations_with_repetitions\03_permutations_with_repetitions.csproj", "{A216DB63-1427-4976-8498-808CAFCB2E23}"
EndProject
Project("{FAE04EC0-301F-11D3-BF4B-00C04F79EFBC}") = "04_variations", "04_variations\04_variations.csproj", "{715EEF22-95BA-4ACB-ADA1-19C80A55D33A}"
EndProject
Project("{FAE04EC0-301F-11D3-BF4B-00C04F79EFBC}") = "05_variations_with_repetitions", "05_variations_with_repetitions\05_variations_with_repetitions.csproj", "{D09AABA0-B637-4357-A4F5-E91A3C08AEDC}"
EndProject
Project("{FAE04EC0-301F-11D3-BF4B-00C04F79EFBC}") = "06_combinations", "06_combinations\06_combinations.csproj", "{83316A39-DFE9-4F45-8AD8-8F03F342BA60}"
EndProject
Project("{FAE04EC0-301F-11D3-BF4B-00C04F79EFBC}") = "07_combinations_with_repetitions", "07_combinations_with_repetitions\07_combinations_with_repetitions.csproj", "{34D945A6-F2B1-4574-97B0-1DE2FF52F061}"
EndProject
Project("{FAE04EC0-301F-11D3-BF4B-00C04F79EFBC}") = "08_binomial_coefficient", "08_binomial_coefficient\08_binomial_coefficient.csproj", "{0293146D-D3E7-4A10-A368-51CFACA001D8}"
EndProject
Project("{FAE04EC0-301F-11D3-BF4B-00C04F79EFBC}") = "09_snakes", "09_snakes\09_snakes.csproj", "{FD7D02B1-3F53-4065-9775-77A604FF7B55}"
EndProject
Project("{FAE04EC0-301F-11D3-BF4B-00C04F79EFBC}") = "10_cubes", "10_cubes\10_cubes.csproj", "{9C34C979-1624-461F-93F6-AB757A253BB8}"
EndProject
Global
	GlobalSection(SolutionConfigurationPlatforms) = preSolution
		Debug|Any CPU = Debug|Any CPU
		Release|Any CPU = Release|Any CPU
	EndGlobalSection
	GlobalSection(ProjectConfigurationPlatforms) = postSolution
		{07A64841-D6E7-4F10-9D91-909338B00504}.Debug|Any CPU.ActiveCfg = Debug|Any CPU
		{07A64841-D6E7-4F10-9D91-909338B00504}.Debug|Any CPU.Build.0 = Debug|Any CPU
		{07A64841-D6E7-4F10-9D91-909338B00504}.Release|Any CPU.ActiveCfg = Release|Any CPU
		{07A64841-D6E7-4F10-9D91-909338B00504}.Release|Any CPU.Build.0 = Release|Any CPU
		{9C175E6C-EAE9-48D0-88A4-AFBCDDCF3DDD}.Debug|Any CPU.ActiveCfg = Debug|Any CPU
		{9C175E6C-EAE9-48D0-88A4-AFBCDDCF3DDD}.Debug|Any CPU.Build.0 = Debug|Any CPU
		{9C175E6C-EAE9-48D0-88A4-AFBCDDCF3DDD}.Release|Any CPU.ActiveCfg = Release|Any CPU
		{9C175E6C-EAE9-48D0-88A4-AFBCDDCF3DDD}.Release|Any CPU.Build.0 = Release|Any CPU
		{0EC3F1F1-8786-4B8C-B47C-5DC5F0E89032}.Debug|Any CPU.ActiveCfg = Debug|Any CPU
		{0EC3F1F1-8786-4B8C-B47C-5DC5F0E89032}.Debug|Any CPU.Build.0 = Debug|Any CPU
		{0EC3F1F1-8786-4B8C-B47C-5DC5F0E89032}.Release|Any CPU.ActiveCfg = Release|Any CPU
		{0EC3F1F1-8786-4B8C-B47C-5DC5F0E89032}.Release|Any CPU.Build.0 = Release|Any CPU
		{A216DB63-1427-4976-8498-808CAFCB2E23}.Debug|Any CPU.ActiveCfg = Debug|Any CPU
		{A216DB63-1427-4976-8498-808CAFCB2E23}.Debug|Any CPU.Build.0 = Debug|Any CPU
		{A216DB63-1427-4976-8498-808CAFCB2E23}.Release|Any CPU.ActiveCfg = Release|Any CPU
		{A216DB63-1427-4976-8498-808CAFCB2E23}.Release|Any CPU.Build.0 = Release|Any CPU
		{715EEF22-95BA-4ACB-ADA1-19C80A55D33A}.Debug|Any CPU.ActiveCfg = Debug|Any CPU
		{715EEF22-95BA-4ACB-ADA1-19C80A55D33A}.Debug|Any CPU.Build.0 = Debug|Any CPU
		{715EEF22-95BA-4ACB-ADA1-19C80A55D33A}.Release|Any CPU.ActiveCfg = Release|Any CPU
		{715EEF22-95BA-4ACB-ADA1-19C80A55D33A}.Release|Any CPU.Build.0 = Release|Any CPU
		{D09AABA0-B637-4357-A4F5-E91A3C08AEDC}.Debug|Any CPU.ActiveCfg = Debug|Any CPU
		{D09AABA0-B637-4357-A4F5-E91A3C08AEDC}.Debug|Any CPU.Build.0 = Debug|Any CPU
		{D09AABA0-B637-4357-A4F5-E91A3C08AEDC}.Release|Any CPU.ActiveCfg = Release|Any CPU
		{D09AABA0-B637-4357-A4F5-E91A3C08AEDC}.Release|Any CPU.Build.0 = Release|Any CPU
		{83316A39-DFE9-4F45-8AD8-8F03F342BA60}.Debug|Any CPU.ActiveCfg = Debug|Any CPU
		{83316A39-DFE9-4F45-8AD8-8F03F342BA60}.Debug|Any CPU.Build.0 = Debug|Any CPU
		{83316A39-DFE9-4F45-8AD8-8F03F342BA60}.Release|Any CPU.ActiveCfg = Release|Any CPU
		{83316A39-DFE9-4F45-8AD8-8F03F342BA60}.Release|Any CPU.Build.0 = Release|Any CPU
		{34D945A6-F2B1-4574-97B0-1DE2FF52F061}.Debug|Any CPU.ActiveCfg = Debug|Any CPU
		{34D945A6-F2B1-4574-97B0-1DE2FF52F061}.Debug|Any CPU.Build.0 = Debug|Any CPU
		{34D945A6-F2B1-4574-97B0-1DE2FF52F061}.Release|Any CPU.ActiveCfg = Release|Any CPU
		{34D945A6-F2B1-4574-97B0-1DE2FF52F061}.Release|Any CPU.Build.0 = Release|Any CPU
		{0293146D-D3E7-4A10-A368-51CFACA001D8}.Debug|Any CPU.ActiveCfg = Debug|Any CPU
		{0293146D-D3E7-4A10-A368-51CFACA001D8}.Debug|Any CPU.Build.0 = Debug|Any CPU
		{0293146D-D3E7-4A10-A368-51CFACA001D8}.Release|Any CPU.ActiveCfg = Release|Any CPU
		{0293146D-D3E7-4A10-A368-51CFACA001D8}.Release|Any CPU.Build.0 = Release|Any CPU
		{FD7D02B1-3F53-4065-9775-77A604FF7B55}.Debug|Any CPU.ActiveCfg = Debug|Any CPU
		{FD7D02B1-3F53-4065-9775-77A604FF7B55}.Debug|Any CPU.Build.0 = Debug|Any CPU
		{FD7D02B1-3F53-4065-9775-77A604FF7B55}.Release|Any CPU.ActiveCfg = Release|Any CPU
		{FD7D02B1-3F53-4065-9775-77A604FF7B55}.Release|Any CPU.Build.0 = Release|Any CPU
		{9C34C979-1624-461F-93F6-AB757A253BB8}.Debug|Any CPU.ActiveCfg = Debug|Any CPU
		{9C34C979-1624-461F-93F6-AB757A253BB8}.Debug|Any CPU.Build.0 = Debug|Any CPU
		{9C34C979-1624-461F-93F6-AB757A253BB8}.Release|Any CPU.ActiveCfg = Release|Any CPU
		{9C34C979-1624-461F-93F6-AB757A253BB8}.Release|Any CPU.Build.0 = Release|Any CPU
	EndGlobalSection
	GlobalSection(SolutionProperties) = preSolution
		HideSolutionNode = FALSE
	EndGlobalSection
	GlobalSection(ExtensibilityGlobals) = postSolution
		SolutionGuid = {245ED605-C600-4198-A20E-635AFCE0C99A}
	EndGlobalSection
EndGlobal
