
Microsoft Visual Studio Solution File, Format Version 12.00
# Visual Studio Version 16
VisualStudioVersion = 16.0.29519.181
MinimumVisualStudioVersion = 10.0.40219.1
Project("{FAE04EC0-301F-11D3-BF4B-00C04F79EFBC}") = "01_fibonacci_top-down_with_memoization", "01_fibonacci_top-down_with_memoization\01_fibonacci_top-down_with_memoization.csproj", "{1B429966-47C5-4818-A861-47C8363B5276}"
EndProject
Project("{FAE04EC0-301F-11D3-BF4B-00C04F79EFBC}") = "02_longest_increasing_subsequence", "02_longest_increasing_subsequence\02_longest_increasing_subsequence.csproj", "{ECADB2D8-38F0-43B0-A15B-7A6941BCB479}"
EndProject
Project("{FAE04EC0-301F-11D3-BF4B-00C04F79EFBC}") = "03_move_down_right", "03_move_down_right\03_move_down_right.csproj", "{F32A6933-0731-4803-97A2-9DE64F4B255A}"
EndProject
Project("{FAE04EC0-301F-11D3-BF4B-00C04F79EFBC}") = "04_rod_cutting_recursive", "04_rod_cutting_recursive\04_rod_cutting_recursive.csproj", "{86FECB2B-F428-4133-90B0-7709AFB47FC3}"
EndProject
Project("{FAE04EC0-301F-11D3-BF4B-00C04F79EFBC}") = "05_roc_cutting_iterative", "05_roc_cutting_iterative\05_roc_cutting_iterative.csproj", "{EDAC343E-07E3-4DC7-BED9-FBA94ECB8A20}"
EndProject
Global
	GlobalSection(SolutionConfigurationPlatforms) = preSolution
		Debug|Any CPU = Debug|Any CPU
		Release|Any CPU = Release|Any CPU
	EndGlobalSection
	GlobalSection(ProjectConfigurationPlatforms) = postSolution
		{1B429966-47C5-4818-A861-47C8363B5276}.Debug|Any CPU.ActiveCfg = Debug|Any CPU
		{1B429966-47C5-4818-A861-47C8363B5276}.Debug|Any CPU.Build.0 = Debug|Any CPU
		{1B429966-47C5-4818-A861-47C8363B5276}.Release|Any CPU.ActiveCfg = Release|Any CPU
		{1B429966-47C5-4818-A861-47C8363B5276}.Release|Any CPU.Build.0 = Release|Any CPU
		{ECADB2D8-38F0-43B0-A15B-7A6941BCB479}.Debug|Any CPU.ActiveCfg = Debug|Any CPU
		{ECADB2D8-38F0-43B0-A15B-7A6941BCB479}.Debug|Any CPU.Build.0 = Debug|Any CPU
		{ECADB2D8-38F0-43B0-A15B-7A6941BCB479}.Release|Any CPU.ActiveCfg = Release|Any CPU
		{ECADB2D8-38F0-43B0-A15B-7A6941BCB479}.Release|Any CPU.Build.0 = Release|Any CPU
		{F32A6933-0731-4803-97A2-9DE64F4B255A}.Debug|Any CPU.ActiveCfg = Debug|Any CPU
		{F32A6933-0731-4803-97A2-9DE64F4B255A}.Debug|Any CPU.Build.0 = Debug|Any CPU
		{F32A6933-0731-4803-97A2-9DE64F4B255A}.Release|Any CPU.ActiveCfg = Release|Any CPU
		{F32A6933-0731-4803-97A2-9DE64F4B255A}.Release|Any CPU.Build.0 = Release|Any CPU
		{86FECB2B-F428-4133-90B0-7709AFB47FC3}.Debug|Any CPU.ActiveCfg = Debug|Any CPU
		{86FECB2B-F428-4133-90B0-7709AFB47FC3}.Debug|Any CPU.Build.0 = Debug|Any CPU
		{86FECB2B-F428-4133-90B0-7709AFB47FC3}.Release|Any CPU.ActiveCfg = Release|Any CPU
		{86FECB2B-F428-4133-90B0-7709AFB47FC3}.Release|Any CPU.Build.0 = Release|Any CPU
		{EDAC343E-07E3-4DC7-BED9-FBA94ECB8A20}.Debug|Any CPU.ActiveCfg = Debug|Any CPU
		{EDAC343E-07E3-4DC7-BED9-FBA94ECB8A20}.Debug|Any CPU.Build.0 = Debug|Any CPU
		{EDAC343E-07E3-4DC7-BED9-FBA94ECB8A20}.Release|Any CPU.ActiveCfg = Release|Any CPU
		{EDAC343E-07E3-4DC7-BED9-FBA94ECB8A20}.Release|Any CPU.Build.0 = Release|Any CPU
	EndGlobalSection
	GlobalSection(SolutionProperties) = preSolution
		HideSolutionNode = FALSE
	EndGlobalSection
	GlobalSection(ExtensibilityGlobals) = postSolution
		SolutionGuid = {FB5E750C-E4AC-4107-9AC7-094D9E96510C}
	EndGlobalSection
EndGlobal
