
Microsoft Visual Studio Solution File, Format Version 12.00
# Visual Studio Version 16
VisualStudioVersion = 16.0.29519.181
MinimumVisualStudioVersion = 10.0.40219.1
Project("{FAE04EC0-301F-11D3-BF4B-00C04F79EFBC}") = "01_fibonacci_top-down_with_memoization", "01_fibonacci_top-down_with_memoization\01_fibonacci_top-down_with_memoization.csproj", "{1B429966-47C5-4818-A861-47C8363B5276}"
EndProject
Project("{FAE04EC0-301F-11D3-BF4B-00C04F79EFBC}") = "02_longest_increasing_subsequence", "02_longest_increasing_subsequence\02_longest_increasing_subsequence.csproj", "{ECADB2D8-38F0-43B0-A15B-7A6941BCB479}"
EndProject
Project("{FAE04EC0-301F-11D3-BF4B-00C04F79EFBC}") = "03_move_down_right", "03_move_down_right\03_move_down_right.csproj", "{F32A6933-0731-4803-97A2-9DE64F4B255A}"
EndProject
Project("{FAE04EC0-301F-11D3-BF4B-00C04F79EFBC}") = "04_rod_cutting_recursive", "04_rod_cutting_recursive\04_rod_cutting_recursive.csproj", "{86FECB2B-F428-4133-90B0-7709AFB47FC3}"
EndProject
Project("{FAE04EC0-301F-11D3-BF4B-00C04F79EFBC}") = "05_roc_cutting_iterative", "05_roc_cutting_iterative\05_roc_cutting_iterative.csproj", "{EDAC343E-07E3-4DC7-BED9-FBA94ECB8A20}"
EndProject
Project("{FAE04EC0-301F-11D3-BF4B-00C04F79EFBC}") = "06_binomial_coefficients", "06_binomial_coefficients\06_binomial_coefficients.csproj", "{DEA9E1D0-DAD4-4E56-8C38-3DDDF5AB998E}"
EndProject
Project("{FAE04EC0-301F-11D3-BF4B-00C04F79EFBC}") = "07_longest_zigzag_subsequence", "07_longest_zigzag_subsequence\07_longest_zigzag_subsequence.csproj", "{2143FF00-E140-47A5-905C-43624A0C4377}"
EndProject
Project("{FAE04EC0-301F-11D3-BF4B-00C04F79EFBC}") = "08_minimal_difference", "08_minimal_difference\08_minimal_difference.csproj", "{ED50CBC7-7E3D-43A6-994B-C146CC44BFBA}"
EndProject
Project("{FAE04EC0-301F-11D3-BF4B-00C04F79EFBC}") = "09_minimal_difference_DP", "09_minimal_difference_DP\09_minimal_difference_DP.csproj", "{062D2865-1B83-4C1A-A27A-0B38321D5218}"
EndProject
Project("{FAE04EC0-301F-11D3-BF4B-00C04F79EFBC}") = "10_unlimited_coins_sum", "10_unlimited_coins_sum\10_unlimited_coins_sum.csproj", "{7D8456FD-8E01-40D9-89AE-51D28562EB26}"
EndProject
Project("{FAE04EC0-301F-11D3-BF4B-00C04F79EFBC}") = "11_limited_coins_sum", "11_limited_coins_sum\11_limited_coins_sum.csproj", "{D9523BB4-F2EF-4B1E-B172-1E48F9DD614E}"
EndProject
Project("{FAE04EC0-301F-11D3-BF4B-00C04F79EFBC}") = "12_knapsack_problem", "12_knapsack_problem\12_knapsack_problem.csproj", "{D5E3FA5C-3FF7-4DCB-987E-29226359B28B}"
EndProject
Project("{FAE04EC0-301F-11D3-BF4B-00C04F79EFBC}") = "13_subset_sum_limited_coins", "13_subset_sum\13_subset_sum_limited_coins.csproj", "{A6058596-8712-41D0-B390-FC538E7718F1}"
EndProject
Project("{FAE04EC0-301F-11D3-BF4B-00C04F79EFBC}") = "14_subset_sum_unlimited_coins", "14_subset_sum_unlimited_coins\14_subset_sum_unlimited_coins.csproj", "{33C54FBA-33B3-4BC6-AE38-7BB3D40F0643}"
EndProject
Global
	GlobalSection(SolutionConfigurationPlatforms) = preSolution
		Debug|Any CPU = Debug|Any CPU
		Release|Any CPU = Release|Any CPU
	EndGlobalSection
	GlobalSection(ProjectConfigurationPlatforms) = postSolution
		{1B429966-47C5-4818-A861-47C8363B5276}.Debug|Any CPU.ActiveCfg = Debug|Any CPU
		{1B429966-47C5-4818-A861-47C8363B5276}.Debug|Any CPU.Build.0 = Debug|Any CPU
		{1B429966-47C5-4818-A861-47C8363B5276}.Release|Any CPU.ActiveCfg = Release|Any CPU
		{1B429966-47C5-4818-A861-47C8363B5276}.Release|Any CPU.Build.0 = Release|Any CPU
		{ECADB2D8-38F0-43B0-A15B-7A6941BCB479}.Debug|Any CPU.ActiveCfg = Debug|Any CPU
		{ECADB2D8-38F0-43B0-A15B-7A6941BCB479}.Debug|Any CPU.Build.0 = Debug|Any CPU
		{ECADB2D8-38F0-43B0-A15B-7A6941BCB479}.Release|Any CPU.ActiveCfg = Release|Any CPU
		{ECADB2D8-38F0-43B0-A15B-7A6941BCB479}.Release|Any CPU.Build.0 = Release|Any CPU
		{F32A6933-0731-4803-97A2-9DE64F4B255A}.Debug|Any CPU.ActiveCfg = Debug|Any CPU
		{F32A6933-0731-4803-97A2-9DE64F4B255A}.Debug|Any CPU.Build.0 = Debug|Any CPU
		{F32A6933-0731-4803-97A2-9DE64F4B255A}.Release|Any CPU.ActiveCfg = Release|Any CPU
		{F32A6933-0731-4803-97A2-9DE64F4B255A}.Release|Any CPU.Build.0 = Release|Any CPU
		{86FECB2B-F428-4133-90B0-7709AFB47FC3}.Debug|Any CPU.ActiveCfg = Debug|Any CPU
		{86FECB2B-F428-4133-90B0-7709AFB47FC3}.Debug|Any CPU.Build.0 = Debug|Any CPU
		{86FECB2B-F428-4133-90B0-7709AFB47FC3}.Release|Any CPU.ActiveCfg = Release|Any CPU
		{86FECB2B-F428-4133-90B0-7709AFB47FC3}.Release|Any CPU.Build.0 = Release|Any CPU
		{EDAC343E-07E3-4DC7-BED9-FBA94ECB8A20}.Debug|Any CPU.ActiveCfg = Debug|Any CPU
		{EDAC343E-07E3-4DC7-BED9-FBA94ECB8A20}.Debug|Any CPU.Build.0 = Debug|Any CPU
		{EDAC343E-07E3-4DC7-BED9-FBA94ECB8A20}.Release|Any CPU.ActiveCfg = Release|Any CPU
		{EDAC343E-07E3-4DC7-BED9-FBA94ECB8A20}.Release|Any CPU.Build.0 = Release|Any CPU
		{DEA9E1D0-DAD4-4E56-8C38-3DDDF5AB998E}.Debug|Any CPU.ActiveCfg = Debug|Any CPU
		{DEA9E1D0-DAD4-4E56-8C38-3DDDF5AB998E}.Debug|Any CPU.Build.0 = Debug|Any CPU
		{DEA9E1D0-DAD4-4E56-8C38-3DDDF5AB998E}.Release|Any CPU.ActiveCfg = Release|Any CPU
		{DEA9E1D0-DAD4-4E56-8C38-3DDDF5AB998E}.Release|Any CPU.Build.0 = Release|Any CPU
		{2143FF00-E140-47A5-905C-43624A0C4377}.Debug|Any CPU.ActiveCfg = Debug|Any CPU
		{2143FF00-E140-47A5-905C-43624A0C4377}.Debug|Any CPU.Build.0 = Debug|Any CPU
		{2143FF00-E140-47A5-905C-43624A0C4377}.Release|Any CPU.ActiveCfg = Release|Any CPU
		{2143FF00-E140-47A5-905C-43624A0C4377}.Release|Any CPU.Build.0 = Release|Any CPU
		{ED50CBC7-7E3D-43A6-994B-C146CC44BFBA}.Debug|Any CPU.ActiveCfg = Debug|Any CPU
		{ED50CBC7-7E3D-43A6-994B-C146CC44BFBA}.Debug|Any CPU.Build.0 = Debug|Any CPU
		{ED50CBC7-7E3D-43A6-994B-C146CC44BFBA}.Release|Any CPU.ActiveCfg = Release|Any CPU
		{ED50CBC7-7E3D-43A6-994B-C146CC44BFBA}.Release|Any CPU.Build.0 = Release|Any CPU
		{062D2865-1B83-4C1A-A27A-0B38321D5218}.Debug|Any CPU.ActiveCfg = Debug|Any CPU
		{062D2865-1B83-4C1A-A27A-0B38321D5218}.Debug|Any CPU.Build.0 = Debug|Any CPU
		{062D2865-1B83-4C1A-A27A-0B38321D5218}.Release|Any CPU.ActiveCfg = Release|Any CPU
		{062D2865-1B83-4C1A-A27A-0B38321D5218}.Release|Any CPU.Build.0 = Release|Any CPU
		{7D8456FD-8E01-40D9-89AE-51D28562EB26}.Debug|Any CPU.ActiveCfg = Debug|Any CPU
		{7D8456FD-8E01-40D9-89AE-51D28562EB26}.Debug|Any CPU.Build.0 = Debug|Any CPU
		{7D8456FD-8E01-40D9-89AE-51D28562EB26}.Release|Any CPU.ActiveCfg = Release|Any CPU
		{7D8456FD-8E01-40D9-89AE-51D28562EB26}.Release|Any CPU.Build.0 = Release|Any CPU
		{D9523BB4-F2EF-4B1E-B172-1E48F9DD614E}.Debug|Any CPU.ActiveCfg = Debug|Any CPU
		{D9523BB4-F2EF-4B1E-B172-1E48F9DD614E}.Debug|Any CPU.Build.0 = Debug|Any CPU
		{D9523BB4-F2EF-4B1E-B172-1E48F9DD614E}.Release|Any CPU.ActiveCfg = Release|Any CPU
		{D9523BB4-F2EF-4B1E-B172-1E48F9DD614E}.Release|Any CPU.Build.0 = Release|Any CPU
		{D5E3FA5C-3FF7-4DCB-987E-29226359B28B}.Debug|Any CPU.ActiveCfg = Debug|Any CPU
		{D5E3FA5C-3FF7-4DCB-987E-29226359B28B}.Debug|Any CPU.Build.0 = Debug|Any CPU
		{D5E3FA5C-3FF7-4DCB-987E-29226359B28B}.Release|Any CPU.ActiveCfg = Release|Any CPU
		{D5E3FA5C-3FF7-4DCB-987E-29226359B28B}.Release|Any CPU.Build.0 = Release|Any CPU
		{A6058596-8712-41D0-B390-FC538E7718F1}.Debug|Any CPU.ActiveCfg = Debug|Any CPU
		{A6058596-8712-41D0-B390-FC538E7718F1}.Debug|Any CPU.Build.0 = Debug|Any CPU
		{A6058596-8712-41D0-B390-FC538E7718F1}.Release|Any CPU.ActiveCfg = Release|Any CPU
		{A6058596-8712-41D0-B390-FC538E7718F1}.Release|Any CPU.Build.0 = Release|Any CPU
		{33C54FBA-33B3-4BC6-AE38-7BB3D40F0643}.Debug|Any CPU.ActiveCfg = Debug|Any CPU
		{33C54FBA-33B3-4BC6-AE38-7BB3D40F0643}.Debug|Any CPU.Build.0 = Debug|Any CPU
		{33C54FBA-33B3-4BC6-AE38-7BB3D40F0643}.Release|Any CPU.ActiveCfg = Release|Any CPU
		{33C54FBA-33B3-4BC6-AE38-7BB3D40F0643}.Release|Any CPU.Build.0 = Release|Any CPU
	EndGlobalSection
	GlobalSection(SolutionProperties) = preSolution
		HideSolutionNode = FALSE
	EndGlobalSection
	GlobalSection(ExtensibilityGlobals) = postSolution
		SolutionGuid = {FB5E750C-E4AC-4107-9AC7-094D9E96510C}
	EndGlobalSection
EndGlobal
